<?xml version="1.0" encoding="utf-8"?>
<Project ToolsVersion="4.0" xmlns="http://schemas.microsoft.com/developer/msbuild/2003">
  <ItemGroup>
    <ClCompile Include="fs_probe.cpp" />
    <ClCompile Include="benchmark_locking.cpp" />
  </ItemGroup>
  <ItemGroup>
    <Filter Include="include">
      <UniqueIdentifier>{eaf8c87d-0aa9-4405-9f57-f59ccbf10dc5}</UniqueIdentifier>
    </Filter>
    <Filter Include="src">
      <UniqueIdentifier>{86fd8c6e-956b-41fd-b91f-779a84c30465}</UniqueIdentifier>
    </Filter>
  </ItemGroup>
  <ItemGroup>
    <None Include="Readme.md" />
  </ItemGroup>
</Project>